
Microsoft Visual Studio Solution File, Format Version 12.00
# Visual Studio Version 17
VisualStudioVersion = 17.10.35013.160
MinimumVisualStudioVersion = 10.0.40219.1
Project("{FAE04EC0-301F-11D3-BF4B-00C04F79EFBC}") = "OrderManager", "OrderManager\OrderManager.csproj", "{B3902376-0EB4-4494-BC7A-BC21D577BBF2}"
EndProject
Global
	GlobalSection(SolutionConfigurationPlatforms) = preSolution
		Debug|Any CPU = Debug|Any CPU
		Release|Any CPU = Release|Any CPU
	EndGlobalSection
	GlobalSection(ProjectConfigurationPlatforms) = postSolution
		{B3902376-0EB4-4494-BC7A-BC21D577BBF2}.Debug|Any CPU.ActiveCfg = Debug|Any CPU
		{B3902376-0EB4-4494-BC7A-BC21D577BBF2}.Debug|Any CPU.Build.0 = Debug|Any CPU
		{B3902376-0EB4-4494-BC7A-BC21D577BBF2}.Release|Any CPU.ActiveCfg = Release|Any CPU
		{B3902376-0EB4-4494-BC7A-BC21D577BBF2}.Release|Any CPU.Build.0 = Release|Any CPU
	EndGlobalSection
	GlobalSection(SolutionProperties) = preSolution
		HideSolutionNode = FALSE
	EndGlobalSection
	GlobalSection(ExtensibilityGlobals) = postSolution
		SolutionGuid = {AA03CC8A-5D82-46E9-B6AA-322CFCB42F99}
	EndGlobalSection
EndGlobal
